
Microsoft Visual Studio Solution File, Format Version 12.00
# Visual Studio Version 16
VisualStudioVersion = 16.0.31624.102
MinimumVisualStudioVersion = 10.0.40219.1
Project("{FAE04EC0-301F-11D3-BF4B-00C04F79EFBC}") = "DocumentMaker", "DocumentMaker\DocumentMaker.csproj", "{B34D6BA6-7106-48F6-95D1-AB20BD880F37}"
EndProject
Project("{FAE04EC0-301F-11D3-BF4B-00C04F79EFBC}") = "ActCreator", "ActCreator\ActCreator.csproj", "{953C7276-3587-4A36-BFE2-3E7AA8853784}"
EndProject
Project("{FAE04EC0-301F-11D3-BF4B-00C04F79EFBC}") = "Dml", "Dml\Dml.csproj", "{AC730979-6D09-406A-BFDF-E9F3F4D296E0}"
EndProject
Project("{FAE04EC0-301F-11D3-BF4B-00C04F79EFBC}") = "ProjectsDb", "ProjectsDb\ProjectsDb.csproj", "{E5DDA9A3-7F76-4B4B-84AF-A4DD3A9FFE5E}"
EndProject
Project("{FAE04EC0-301F-11D3-BF4B-00C04F79EFBC}") = "ActGenerator", "ActGenerator\ActGenerator.csproj", "{E41DE1CF-E909-48E5-A7FA-F5729BDDB1E2}"
EndProject
Project("{FAE04EC0-301F-11D3-BF4B-00C04F79EFBC}") = "HumanEditorLib", "HumanEditorLib\HumanEditorLib.csproj", "{11782F60-20F8-4B1D-9AE0-18E456087F7A}"
EndProject
Project("{FAE04EC0-301F-11D3-BF4B-00C04F79EFBC}") = "Mvvm", "Mvvm\Mvvm.csproj", "{12B44B0C-2061-40F6-8835-228785862A79}"
EndProject
Project("{FAE04EC0-301F-11D3-BF4B-00C04F79EFBC}") = "ProjectEditorLib", "ProjectEditorLib\ProjectEditorLib.csproj", "{64D8E8DD-2804-4501-B482-57A2EA8C19FC}"
EndProject
Project("{FAE04EC0-301F-11D3-BF4B-00C04F79EFBC}") = "DocumentMakerThemes", "DocumentMakerThemes\DocumentMakerThemes.csproj", "{A3C2F18E-B57E-4C71-A2DD-BCE3CFF24574}"
EndProject
Project("{FAE04EC0-301F-11D3-BF4B-00C04F79EFBC}") = "DocumentMakerModelLibrary", "DocumentMakerModelLibrary\DocumentMakerModelLibrary.csproj", "{C6BC5F49-E36F-46CD-A0E9-86B180EAAFDF}"
EndProject
Project("{FAE04EC0-301F-11D3-BF4B-00C04F79EFBC}") = "Security", "Security\Security.csproj", "{DDA90EC4-2B15-454F-8837-CBFE2A5C409D}"
EndProject
Global
	GlobalSection(SolutionConfigurationPlatforms) = preSolution
		Debug|Any CPU = Debug|Any CPU
		Release with UpdaterAPI|Any CPU = Release with UpdaterAPI|Any CPU
		Release|Any CPU = Release|Any CPU
	EndGlobalSection
	GlobalSection(ProjectConfigurationPlatforms) = postSolution
		{B34D6BA6-7106-48F6-95D1-AB20BD880F37}.Debug|Any CPU.ActiveCfg = Debug|Any CPU
		{B34D6BA6-7106-48F6-95D1-AB20BD880F37}.Debug|Any CPU.Build.0 = Debug|Any CPU
		{B34D6BA6-7106-48F6-95D1-AB20BD880F37}.Release with UpdaterAPI|Any CPU.ActiveCfg = Release with UpdaterAPI|Any CPU
		{B34D6BA6-7106-48F6-95D1-AB20BD880F37}.Release with UpdaterAPI|Any CPU.Build.0 = Release with UpdaterAPI|Any CPU
		{B34D6BA6-7106-48F6-95D1-AB20BD880F37}.Release|Any CPU.ActiveCfg = Release|Any CPU
		{B34D6BA6-7106-48F6-95D1-AB20BD880F37}.Release|Any CPU.Build.0 = Release|Any CPU
		{953C7276-3587-4A36-BFE2-3E7AA8853784}.Debug|Any CPU.ActiveCfg = Debug|Any CPU
		{953C7276-3587-4A36-BFE2-3E7AA8853784}.Debug|Any CPU.Build.0 = Debug|Any CPU
		{953C7276-3587-4A36-BFE2-3E7AA8853784}.Release with UpdaterAPI|Any CPU.ActiveCfg = Release with UpdaterAPI|Any CPU
		{953C7276-3587-4A36-BFE2-3E7AA8853784}.Release with UpdaterAPI|Any CPU.Build.0 = Release with UpdaterAPI|Any CPU
		{953C7276-3587-4A36-BFE2-3E7AA8853784}.Release|Any CPU.ActiveCfg = Release|Any CPU
		{953C7276-3587-4A36-BFE2-3E7AA8853784}.Release|Any CPU.Build.0 = Release|Any CPU
		{AC730979-6D09-406A-BFDF-E9F3F4D296E0}.Debug|Any CPU.ActiveCfg = Debug|Any CPU
		{AC730979-6D09-406A-BFDF-E9F3F4D296E0}.Debug|Any CPU.Build.0 = Debug|Any CPU
		{AC730979-6D09-406A-BFDF-E9F3F4D296E0}.Release with UpdaterAPI|Any CPU.ActiveCfg = Release with UpdaterAPI|Any CPU
		{AC730979-6D09-406A-BFDF-E9F3F4D296E0}.Release with UpdaterAPI|Any CPU.Build.0 = Release with UpdaterAPI|Any CPU
		{AC730979-6D09-406A-BFDF-E9F3F4D296E0}.Release|Any CPU.ActiveCfg = Release|Any CPU
		{AC730979-6D09-406A-BFDF-E9F3F4D296E0}.Release|Any CPU.Build.0 = Release|Any CPU
		{E5DDA9A3-7F76-4B4B-84AF-A4DD3A9FFE5E}.Debug|Any CPU.ActiveCfg = Debug|Any CPU
		{E5DDA9A3-7F76-4B4B-84AF-A4DD3A9FFE5E}.Debug|Any CPU.Build.0 = Debug|Any CPU
		{E5DDA9A3-7F76-4B4B-84AF-A4DD3A9FFE5E}.Release with UpdaterAPI|Any CPU.ActiveCfg = Release|Any CPU
		{E5DDA9A3-7F76-4B4B-84AF-A4DD3A9FFE5E}.Release with UpdaterAPI|Any CPU.Build.0 = Release|Any CPU
		{E5DDA9A3-7F76-4B4B-84AF-A4DD3A9FFE5E}.Release|Any CPU.ActiveCfg = Release|Any CPU
		{E5DDA9A3-7F76-4B4B-84AF-A4DD3A9FFE5E}.Release|Any CPU.Build.0 = Release|Any CPU
		{E41DE1CF-E909-48E5-A7FA-F5729BDDB1E2}.Debug|Any CPU.ActiveCfg = Debug|Any CPU
		{E41DE1CF-E909-48E5-A7FA-F5729BDDB1E2}.Debug|Any CPU.Build.0 = Debug|Any CPU
		{E41DE1CF-E909-48E5-A7FA-F5729BDDB1E2}.Release with UpdaterAPI|Any CPU.ActiveCfg = Release|Any CPU
		{E41DE1CF-E909-48E5-A7FA-F5729BDDB1E2}.Release with UpdaterAPI|Any CPU.Build.0 = Release|Any CPU
		{E41DE1CF-E909-48E5-A7FA-F5729BDDB1E2}.Release|Any CPU.ActiveCfg = Release|Any CPU
		{E41DE1CF-E909-48E5-A7FA-F5729BDDB1E2}.Release|Any CPU.Build.0 = Release|Any CPU
		{11782F60-20F8-4B1D-9AE0-18E456087F7A}.Debug|Any CPU.ActiveCfg = Debug|Any CPU
		{11782F60-20F8-4B1D-9AE0-18E456087F7A}.Debug|Any CPU.Build.0 = Debug|Any CPU
		{11782F60-20F8-4B1D-9AE0-18E456087F7A}.Release with UpdaterAPI|Any CPU.ActiveCfg = Release|Any CPU
		{11782F60-20F8-4B1D-9AE0-18E456087F7A}.Release with UpdaterAPI|Any CPU.Build.0 = Release|Any CPU
		{11782F60-20F8-4B1D-9AE0-18E456087F7A}.Release|Any CPU.ActiveCfg = Release|Any CPU
		{11782F60-20F8-4B1D-9AE0-18E456087F7A}.Release|Any CPU.Build.0 = Release|Any CPU
		{12B44B0C-2061-40F6-8835-228785862A79}.Debug|Any CPU.ActiveCfg = Debug|Any CPU
		{12B44B0C-2061-40F6-8835-228785862A79}.Debug|Any CPU.Build.0 = Debug|Any CPU
		{12B44B0C-2061-40F6-8835-228785862A79}.Release with UpdaterAPI|Any CPU.ActiveCfg = Release|Any CPU
		{12B44B0C-2061-40F6-8835-228785862A79}.Release with UpdaterAPI|Any CPU.Build.0 = Release|Any CPU
		{12B44B0C-2061-40F6-8835-228785862A79}.Release|Any CPU.ActiveCfg = Release|Any CPU
		{12B44B0C-2061-40F6-8835-228785862A79}.Release|Any CPU.Build.0 = Release|Any CPU
		{64D8E8DD-2804-4501-B482-57A2EA8C19FC}.Debug|Any CPU.ActiveCfg = Debug|Any CPU
		{64D8E8DD-2804-4501-B482-57A2EA8C19FC}.Debug|Any CPU.Build.0 = Debug|Any CPU
		{64D8E8DD-2804-4501-B482-57A2EA8C19FC}.Release with UpdaterAPI|Any CPU.ActiveCfg = Release|Any CPU
		{64D8E8DD-2804-4501-B482-57A2EA8C19FC}.Release with UpdaterAPI|Any CPU.Build.0 = Release|Any CPU
		{64D8E8DD-2804-4501-B482-57A2EA8C19FC}.Release|Any CPU.ActiveCfg = Release|Any CPU
		{64D8E8DD-2804-4501-B482-57A2EA8C19FC}.Release|Any CPU.Build.0 = Release|Any CPU
		{A3C2F18E-B57E-4C71-A2DD-BCE3CFF24574}.Debug|Any CPU.ActiveCfg = Debug|Any CPU
		{A3C2F18E-B57E-4C71-A2DD-BCE3CFF24574}.Debug|Any CPU.Build.0 = Debug|Any CPU
		{A3C2F18E-B57E-4C71-A2DD-BCE3CFF24574}.Release with UpdaterAPI|Any CPU.ActiveCfg = Release|Any CPU
		{A3C2F18E-B57E-4C71-A2DD-BCE3CFF24574}.Release with UpdaterAPI|Any CPU.Build.0 = Release|Any CPU
		{A3C2F18E-B57E-4C71-A2DD-BCE3CFF24574}.Release|Any CPU.ActiveCfg = Release|Any CPU
		{A3C2F18E-B57E-4C71-A2DD-BCE3CFF24574}.Release|Any CPU.Build.0 = Release|Any CPU
		{C6BC5F49-E36F-46CD-A0E9-86B180EAAFDF}.Debug|Any CPU.ActiveCfg = Debug|Any CPU
		{C6BC5F49-E36F-46CD-A0E9-86B180EAAFDF}.Debug|Any CPU.Build.0 = Debug|Any CPU
		{C6BC5F49-E36F-46CD-A0E9-86B180EAAFDF}.Release with UpdaterAPI|Any CPU.ActiveCfg = Release|Any CPU
		{C6BC5F49-E36F-46CD-A0E9-86B180EAAFDF}.Release with UpdaterAPI|Any CPU.Build.0 = Release|Any CPU
		{C6BC5F49-E36F-46CD-A0E9-86B180EAAFDF}.Release|Any CPU.ActiveCfg = Release|Any CPU
		{C6BC5F49-E36F-46CD-A0E9-86B180EAAFDF}.Release|Any CPU.Build.0 = Release|Any CPU
		{DDA90EC4-2B15-454F-8837-CBFE2A5C409D}.Debug|Any CPU.ActiveCfg = Debug|Any CPU
		{DDA90EC4-2B15-454F-8837-CBFE2A5C409D}.Debug|Any CPU.Build.0 = Debug|Any CPU
		{DDA90EC4-2B15-454F-8837-CBFE2A5C409D}.Release with UpdaterAPI|Any CPU.ActiveCfg = Release|Any CPU
		{DDA90EC4-2B15-454F-8837-CBFE2A5C409D}.Release with UpdaterAPI|Any CPU.Build.0 = Release|Any CPU
		{DDA90EC4-2B15-454F-8837-CBFE2A5C409D}.Release|Any CPU.ActiveCfg = Release|Any CPU
		{DDA90EC4-2B15-454F-8837-CBFE2A5C409D}.Release|Any CPU.Build.0 = Release|Any CPU
	EndGlobalSection
	GlobalSection(SolutionProperties) = preSolution
		HideSolutionNode = FALSE
	EndGlobalSection
	GlobalSection(ExtensibilityGlobals) = postSolution
		SolutionGuid = {58A4BE77-2E23-4D98-AE77-309F3E3D3975}
	EndGlobalSection
EndGlobal
