
Microsoft Visual Studio Solution File, Format Version 12.00
# Visual Studio Version 16
VisualStudioVersion = 16.0.31624.102
MinimumVisualStudioVersion = 10.0.40219.1
Project("{FAE04EC0-301F-11D3-BF4B-00C04F79EFBC}") = "DocumentMaker", "DocumentMaker\DocumentMaker.csproj", "{B34D6BA6-7106-48F6-95D1-AB20BD880F37}"
EndProject
Project("{FAE04EC0-301F-11D3-BF4B-00C04F79EFBC}") = "DocxToXml", "DocxToXml\DocxToXml.csproj", "{788CE3E6-C09D-46B6-869D-52AB7AD84810}"
EndProject
Project("{FAE04EC0-301F-11D3-BF4B-00C04F79EFBC}") = "ActCreator", "ActCreator\ActCreator.csproj", "{953C7276-3587-4A36-BFE2-3E7AA8853784}"
EndProject
Global
	GlobalSection(SolutionConfigurationPlatforms) = preSolution
		Debug|Any CPU = Debug|Any CPU
		Release|Any CPU = Release|Any CPU
	EndGlobalSection
	GlobalSection(ProjectConfigurationPlatforms) = postSolution
		{B34D6BA6-7106-48F6-95D1-AB20BD880F37}.Debug|Any CPU.ActiveCfg = Debug|Any CPU
		{B34D6BA6-7106-48F6-95D1-AB20BD880F37}.Debug|Any CPU.Build.0 = Debug|Any CPU
		{B34D6BA6-7106-48F6-95D1-AB20BD880F37}.Release|Any CPU.ActiveCfg = Release|Any CPU
		{B34D6BA6-7106-48F6-95D1-AB20BD880F37}.Release|Any CPU.Build.0 = Release|Any CPU
		{788CE3E6-C09D-46B6-869D-52AB7AD84810}.Debug|Any CPU.ActiveCfg = Debug|Any CPU
		{788CE3E6-C09D-46B6-869D-52AB7AD84810}.Debug|Any CPU.Build.0 = Debug|Any CPU
		{788CE3E6-C09D-46B6-869D-52AB7AD84810}.Release|Any CPU.ActiveCfg = Release|Any CPU
		{788CE3E6-C09D-46B6-869D-52AB7AD84810}.Release|Any CPU.Build.0 = Release|Any CPU
		{953C7276-3587-4A36-BFE2-3E7AA8853784}.Debug|Any CPU.ActiveCfg = Debug|Any CPU
		{953C7276-3587-4A36-BFE2-3E7AA8853784}.Debug|Any CPU.Build.0 = Debug|Any CPU
		{953C7276-3587-4A36-BFE2-3E7AA8853784}.Release|Any CPU.ActiveCfg = Release|Any CPU
		{953C7276-3587-4A36-BFE2-3E7AA8853784}.Release|Any CPU.Build.0 = Release|Any CPU
	EndGlobalSection
	GlobalSection(SolutionProperties) = preSolution
		HideSolutionNode = FALSE
	EndGlobalSection
	GlobalSection(ExtensibilityGlobals) = postSolution
		SolutionGuid = {58A4BE77-2E23-4D98-AE77-309F3E3D3975}
	EndGlobalSection
EndGlobal
